
Microsoft Visual Studio Solution File, Format Version 12.00
# Visual Studio Version 17
VisualStudioVersion = 17.3.32825.248
MinimumVisualStudioVersion = 10.0.40219.1
Project("{8BC9CEB8-8B4A-11D0-8D11-00A0C91BC942}") = "Exercise1", "Exercise1\Exercise1.vcxproj", "{B1435FDB-DBCD-45AC-8889-6650C6C51C8D}"
EndProject
Project("{8BC9CEB8-8B4A-11D0-8D11-00A0C91BC942}") = "Exercise2", "Exercise2\Exercise2.vcxproj", "{98196877-D67B-4901-94E8-9A96213FF6BB}"
EndProject
Project("{8BC9CEB8-8B4A-11D0-8D11-00A0C91BC942}") = "Exercise3", "Exercise3\Exercise3.vcxproj", "{B0977CD9-E3DF-4491-9318-2034C20C8F3A}"
EndProject
Project("{8BC9CEB8-8B4A-11D0-8D11-00A0C91BC942}") = "Exercise4", "Exercise4\Exercise4.vcxproj", "{EE4F39BF-CF96-421C-8DD1-06AB65AED606}"
EndProject
Global
	GlobalSection(SolutionConfigurationPlatforms) = preSolution
		Debug|x64 = Debug|x64
		Debug|x86 = Debug|x86
		Release|x64 = Release|x64
		Release|x86 = Release|x86
	EndGlobalSection
	GlobalSection(ProjectConfigurationPlatforms) = postSolution
		{B1435FDB-DBCD-45AC-8889-6650C6C51C8D}.Debug|x64.ActiveCfg = Debug|x64
		{B1435FDB-DBCD-45AC-8889-6650C6C51C8D}.Debug|x64.Build.0 = Debug|x64
		{B1435FDB-DBCD-45AC-8889-6650C6C51C8D}.Debug|x86.ActiveCfg = Debug|Win32
		{B1435FDB-DBCD-45AC-8889-6650C6C51C8D}.Debug|x86.Build.0 = Debug|Win32
		{B1435FDB-DBCD-45AC-8889-6650C6C51C8D}.Release|x64.ActiveCfg = Release|x64
		{B1435FDB-DBCD-45AC-8889-6650C6C51C8D}.Release|x64.Build.0 = Release|x64
		{B1435FDB-DBCD-45AC-8889-6650C6C51C8D}.Release|x86.ActiveCfg = Release|Win32
		{B1435FDB-DBCD-45AC-8889-6650C6C51C8D}.Release|x86.Build.0 = Release|Win32
		{98196877-D67B-4901-94E8-9A96213FF6BB}.Debug|x64.ActiveCfg = Debug|x64
		{98196877-D67B-4901-94E8-9A96213FF6BB}.Debug|x64.Build.0 = Debug|x64
		{98196877-D67B-4901-94E8-9A96213FF6BB}.Debug|x86.ActiveCfg = Debug|Win32
		{98196877-D67B-4901-94E8-9A96213FF6BB}.Debug|x86.Build.0 = Debug|Win32
		{98196877-D67B-4901-94E8-9A96213FF6BB}.Release|x64.ActiveCfg = Release|x64
		{98196877-D67B-4901-94E8-9A96213FF6BB}.Release|x64.Build.0 = Release|x64
		{98196877-D67B-4901-94E8-9A96213FF6BB}.Release|x86.ActiveCfg = Release|Win32
		{98196877-D67B-4901-94E8-9A96213FF6BB}.Release|x86.Build.0 = Release|Win32
		{B0977CD9-E3DF-4491-9318-2034C20C8F3A}.Debug|x64.ActiveCfg = Debug|x64
		{B0977CD9-E3DF-4491-9318-2034C20C8F3A}.Debug|x64.Build.0 = Debug|x64
		{B0977CD9-E3DF-4491-9318-2034C20C8F3A}.Debug|x86.ActiveCfg = Debug|Win32
		{B0977CD9-E3DF-4491-9318-2034C20C8F3A}.Debug|x86.Build.0 = Debug|Win32
		{B0977CD9-E3DF-4491-9318-2034C20C8F3A}.Release|x64.ActiveCfg = Release|x64
		{B0977CD9-E3DF-4491-9318-2034C20C8F3A}.Release|x64.Build.0 = Release|x64
		{B0977CD9-E3DF-4491-9318-2034C20C8F3A}.Release|x86.ActiveCfg = Release|Win32
		{B0977CD9-E3DF-4491-9318-2034C20C8F3A}.Release|x86.Build.0 = Release|Win32
		{EE4F39BF-CF96-421C-8DD1-06AB65AED606}.Debug|x64.ActiveCfg = Debug|x64
		{EE4F39BF-CF96-421C-8DD1-06AB65AED606}.Debug|x64.Build.0 = Debug|x64
		{EE4F39BF-CF96-421C-8DD1-06AB65AED606}.Debug|x86.ActiveCfg = Debug|Win32
		{EE4F39BF-CF96-421C-8DD1-06AB65AED606}.Debug|x86.Build.0 = Debug|Win32
		{EE4F39BF-CF96-421C-8DD1-06AB65AED606}.Release|x64.ActiveCfg = Release|x64
		{EE4F39BF-CF96-421C-8DD1-06AB65AED606}.Release|x64.Build.0 = Release|x64
		{EE4F39BF-CF96-421C-8DD1-06AB65AED606}.Release|x86.ActiveCfg = Release|Win32
		{EE4F39BF-CF96-421C-8DD1-06AB65AED606}.Release|x86.Build.0 = Release|Win32
	EndGlobalSection
	GlobalSection(SolutionProperties) = preSolution
		HideSolutionNode = FALSE
	EndGlobalSection
	GlobalSection(ExtensibilityGlobals) = postSolution
		SolutionGuid = {5AF22E9E-7136-4481-928C-CFEE30B1B374}
	EndGlobalSection
EndGlobal
